<?xml version="1.0" encoding="utf-8"?>
<Project ToolsVersion="4.0" xmlns="http://schemas.microsoft.com/developer/msbuild/2003">
  <ItemGroup>
    <Filter Include="Исходные файлы">
      <UniqueIdentifier>{4FC737F1-C7A5-4376-A066-2A32D752A2FF}</UniqueIdentifier>
      <Extensions>cpp;c;cc;cxx;c++;cppm;ixx;def;odl;idl;hpj;bat;asm;asmx</Extensions>
    </Filter>
    <Filter Include="Файлы заголовков">
      <UniqueIdentifier>{93995380-89BD-4b04-88EB-625FBE52EBFB}</UniqueIdentifier>
      <Extensions>h;hh;hpp;hxx;h++;hm;inl;inc;ipp;xsd</Extensions>
    </Filter>
    <Filter Include="Файлы ресурсов">
      <UniqueIdentifier>{67DA6AB6-F800-4c08-8B7A-83BB121AAD01}</UniqueIdentifier>
      <Extensions>rc;ico;cur;bmp;dlg;rc2;rct;bin;rgs;gif;jpg;jpeg;jpe;resx;tiff;tif;png;wav;mfcribbon-ms</Extensions>
    </Filter>
    <Filter Include="Исходные файлы\CoreSystems">
      <UniqueIdentifier>{06d82c06-98eb-47ad-9190-5cf44f374fa2}</UniqueIdentifier>
    </Filter>
    <Filter Include="Исходные файлы\Extensions">
      <UniqueIdentifier>{e37f1323-c92c-46e1-b9ad-4b64b96afbfe}</UniqueIdentifier>
    </Filter>
    <Filter Include="Файлы заголовков\Events">
      <UniqueIdentifier>{3b82d69c-282e-4036-af03-0ecae92d4282}</UniqueIdentifier>
    </Filter>
    <Filter Include="Файлы заголовков\CoreSystems">
      <UniqueIdentifier>{d0727401-5493-4f94-8058-7670b6c4676d}</UniqueIdentifier>
    </Filter>
    <Filter Include="Файлы заголовков\CoreSystems\EngineWorkCycles">
      <UniqueIdentifier>{9b38be29-8e5a-4a14-b948-60bbccbbbd53}</UniqueIdentifier>
    </Filter>
    <Filter Include="Файлы заголовков\Extensions">
      <UniqueIdentifier>{98ff38d7-5a64-4ed6-a9d7-d2eda6514b93}</UniqueIdentifier>
    </Filter>
    <Filter Include="Файлы заголовков\Debug">
      <UniqueIdentifier>{a5b74747-94ad-4a78-ad6c-11c1e41de456}</UniqueIdentifier>
    </Filter>
    <Filter Include="Исходные файлы\Debug">
      <UniqueIdentifier>{080c2777-7e33-425b-b99e-e160ece6aede}</UniqueIdentifier>
    </Filter>
    <Filter Include="Файлы заголовков\CoreSystems\Physics">
      <UniqueIdentifier>{3f8251b6-02ad-4aee-abe9-e93a59e2ba92}</UniqueIdentifier>
    </Filter>
    <Filter Include="Исходные файлы\CoreSystems\Physics">
      <UniqueIdentifier>{8764ba64-0dc0-4588-a3c3-82920ea03dc6}</UniqueIdentifier>
    </Filter>
    <Filter Include="Исходные файлы\CoreSystems\Physics\CollisionShapes">
      <UniqueIdentifier>{f71943d0-f4e0-429c-8e6b-cf71606404fc}</UniqueIdentifier>
    </Filter>
    <Filter Include="Файлы заголовков\CoreSystems\EngineCallbacks">
      <UniqueIdentifier>{f044e815-b11f-4fa9-8789-24483a509b0b}</UniqueIdentifier>
    </Filter>
    <Filter Include="Исходные файлы\CoreSystems\EngineCallbacks">
      <UniqueIdentifier>{091fc831-9119-4f42-8876-c2666d1a7b25}</UniqueIdentifier>
    </Filter>
    <Filter Include="Файлы заголовков\CoreSystems\GameObjects">
      <UniqueIdentifier>{dc7ce5da-c447-4849-b09f-4a8d91becc46}</UniqueIdentifier>
    </Filter>
    <Filter Include="Исходные файлы\CoreSystems\GameObjects">
      <UniqueIdentifier>{fb538d48-4313-485b-bf9c-38f2abf3bfd1}</UniqueIdentifier>
    </Filter>
    <Filter Include="Исходные файлы\CoreSystems\EntitiesControl">
      <UniqueIdentifier>{5604d52a-41bc-432f-8c58-31039c89d00d}</UniqueIdentifier>
    </Filter>
    <Filter Include="Файлы заголовков\CoreSystems\EntitiesControl">
      <UniqueIdentifier>{57f44eed-0974-4d34-a31b-f1a96e2914c4}</UniqueIdentifier>
    </Filter>
    <Filter Include="Файлы заголовков\CoreSystems\PlayerControl">
      <UniqueIdentifier>{0ef54734-7469-43d5-907b-82e2c499c8dc}</UniqueIdentifier>
    </Filter>
    <Filter Include="Исходные файлы\CoreSystems\PlayerControl">
      <UniqueIdentifier>{d3c8335e-58c6-4fc3-a581-00684ee277d9}</UniqueIdentifier>
    </Filter>
    <Filter Include="Файлы заголовков\CoreSystems\EntitiesControl\Orders">
      <UniqueIdentifier>{bfb360ab-c755-4c41-8c63-0fc9d1b7ab81}</UniqueIdentifier>
    </Filter>
    <Filter Include="Файлы заголовков\CoreSystems\EntitiesControl\Orders\BaseOrders">
      <UniqueIdentifier>{f6d17936-2bb7-4fe6-abe9-3f3903c92e78}</UniqueIdentifier>
    </Filter>
    <Filter Include="Файлы заголовков\CoreSystems\EntitiesControl\Orders\EntityActions">
      <UniqueIdentifier>{04cb6955-bb06-4b8e-b10d-b33dfd7bc999}</UniqueIdentifier>
    </Filter>
    <Filter Include="Исходные файлы\CoreSystems\EntitiesControl\Orders">
      <UniqueIdentifier>{42bf80d0-a98a-453a-9d8d-82be8733f243}</UniqueIdentifier>
    </Filter>
    <Filter Include="Исходные файлы\CoreSystems\EntitiesControl\Orders\EntityActions">
      <UniqueIdentifier>{52f97b20-e0d7-41bb-9527-9ebdc18cc5c0}</UniqueIdentifier>
    </Filter>
    <Filter Include="Исходные файлы\CoreSystems\EntitiesControl\Orders\BaseOrders">
      <UniqueIdentifier>{66928b83-3043-4d09-9bbe-5dad90722650}</UniqueIdentifier>
    </Filter>
    <Filter Include="Исходные файлы\CoreSystems\PlayerControl\EntitiesCtrlModes">
      <UniqueIdentifier>{e417bccc-fef5-419b-a656-d87dd324665f}</UniqueIdentifier>
    </Filter>
    <Filter Include="Файлы заголовков\CoreSystems\EntitiesControl\Orders\BaseOrders\OrderComponents">
      <UniqueIdentifier>{008e50a3-f08d-45aa-ab41-df008f0b5e9a}</UniqueIdentifier>
    </Filter>
    <Filter Include="Файлы заголовков\CoreSystems\EntitiesControl\RelationsSystem">
      <UniqueIdentifier>{b4fc3cd2-3e2c-43e5-8dcd-eeddc0339807}</UniqueIdentifier>
    </Filter>
    <Filter Include="Исходные файлы\CoreSystems\EntitiesControl\RelationsSystem">
      <UniqueIdentifier>{8448677f-19fc-422b-abda-de4333c48d2f}</UniqueIdentifier>
    </Filter>
    <Filter Include="Файлы заголовков\CoreSystems\GameObjects\OrdersSystem">
      <UniqueIdentifier>{7e218a6a-a054-457d-977d-e6d792cd9cb8}</UniqueIdentifier>
    </Filter>
    <Filter Include="Исходные файлы\CoreSystems\GameObjects\OrdersSystem">
      <UniqueIdentifier>{0d966feb-92e7-4ba0-b463-83b65df10b66}</UniqueIdentifier>
    </Filter>
    <Filter Include="Файлы заголовков\Debug\Visualization">
      <UniqueIdentifier>{7eeb6729-4d8f-4023-be38-c55fda2b34df}</UniqueIdentifier>
    </Filter>
    <Filter Include="Исходные файлы\Debug\Visualization">
      <UniqueIdentifier>{2735bfc9-1c31-4d8c-8f43-b5420a58ac04}</UniqueIdentifier>
    </Filter>
    <Filter Include="Файлы заголовков\CoreSystems\GameObjects\VirtualObjects">
      <UniqueIdentifier>{e3443a89-5fbb-4fff-aa8e-9ea00bb9c427}</UniqueIdentifier>
    </Filter>
    <Filter Include="Исходные файлы\CoreSystems\GameObjects\VirtualObjects">
      <UniqueIdentifier>{5fedf5b1-8156-460f-8f98-035a776fc859}</UniqueIdentifier>
    </Filter>
    <Filter Include="Файлы заголовков\CoreSystems\GameObjects\FightingSystems">
      <UniqueIdentifier>{316d669b-6f39-4cbf-b9b1-b16848e9b712}</UniqueIdentifier>
    </Filter>
    <Filter Include="Файлы заголовков\CoreSystems\GameObjects\FightingSystems\GameObjsBaseFightSystem">
      <UniqueIdentifier>{7246b361-6bca-4b84-93a3-3e589725b3a1}</UniqueIdentifier>
    </Filter>
    <Filter Include="Файлы заголовков\CoreSystems\GameObjects\FightingSystems\HitPointSystem">
      <UniqueIdentifier>{73399606-5f27-464f-a470-55f7f895ad4c}</UniqueIdentifier>
    </Filter>
    <Filter Include="Файлы заголовков\CoreSystems\GameObjects\FightingSystems\BattleInfo">
      <UniqueIdentifier>{b7508e81-192e-49c2-91af-37df94037153}</UniqueIdentifier>
    </Filter>
    <Filter Include="Файлы заголовков\CoreSystems\GameObjects\FightingSystems\HitPointSystem\HPModules">
      <UniqueIdentifier>{c0c41e47-0c43-4800-ad05-df89ebd012cc}</UniqueIdentifier>
    </Filter>
    <Filter Include="Исходные файлы\CoreSystems\GameObjects\FightingSystems">
      <UniqueIdentifier>{9da7a243-a12e-4771-98e1-42933db39d09}</UniqueIdentifier>
    </Filter>
    <Filter Include="Исходные файлы\CoreSystems\GameObjects\FightingSystems\HitPointSystem">
      <UniqueIdentifier>{d4d4163c-7af6-4534-b49f-948bb3b847fb}</UniqueIdentifier>
    </Filter>
    <Filter Include="Исходные файлы\CoreSystems\GameObjects\FightingSystems\EntityBattleStats">
      <UniqueIdentifier>{791f15e4-3d76-4545-a025-275c70345a6f}</UniqueIdentifier>
    </Filter>
    <Filter Include="Исходные файлы\CoreSystems\GameObjects\FightingSystems\GameObjsBaseFightSystem">
      <UniqueIdentifier>{2f9e9f53-962e-4987-996b-d998bdc40a4d}</UniqueIdentifier>
    </Filter>
    <Filter Include="Исходные файлы\CoreSystems\GameObjects\FightingSystems\HitPointSystem\DeathModules">
      <UniqueIdentifier>{512258e7-22d0-40f4-996f-a025313fcd79}</UniqueIdentifier>
    </Filter>
    <Filter Include="Исходные файлы\CoreSystems\GameObjects\FightingSystems\HitPointSystem\HPModules">
      <UniqueIdentifier>{aadb3c27-fbc8-403d-94a5-7ca8eb052cb4}</UniqueIdentifier>
    </Filter>
    <Filter Include="Файлы заголовков\CoreSystems\Visual">
      <UniqueIdentifier>{2ea7eb67-2a6a-4f43-b2cc-69206da0817c}</UniqueIdentifier>
    </Filter>
    <Filter Include="Файлы заголовков\Visual">
      <UniqueIdentifier>{27fb7be1-0b00-4de0-9546-4f1b2cae976d}</UniqueIdentifier>
    </Filter>
    <Filter Include="Файлы заголовков\Visual\Effects">
      <UniqueIdentifier>{bc5fa112-c392-4c8e-9e15-710dd2cf87fc}</UniqueIdentifier>
    </Filter>
    <Filter Include="Исходные файлы\CoreSystems\Visual">
      <UniqueIdentifier>{e26e5e4e-06d1-476a-b004-b816dafca3c5}</UniqueIdentifier>
    </Filter>
    <Filter Include="Файлы заголовков\GameTransitionScripts">
      <UniqueIdentifier>{d8caed45-2a2b-4e06-a03a-917d01ba2626}</UniqueIdentifier>
    </Filter>
    <Filter Include="Исходные файлы\GameTransitionScripts">
      <UniqueIdentifier>{b9033fb9-af87-4a80-afa2-d16bb6c004f9}</UniqueIdentifier>
    </Filter>
    <Filter Include="Файлы заголовков\CoreSystems\GameLevel">
      <UniqueIdentifier>{54aef88f-d6e0-4d7a-8301-a233487ccbd3}</UniqueIdentifier>
    </Filter>
    <Filter Include="Файлы заголовков\CoreSystems\GameLevel\LevelLoading">
      <UniqueIdentifier>{89d5f938-0c88-4096-a2f8-526a86dc40c6}</UniqueIdentifier>
    </Filter>
    <Filter Include="Файлы заголовков\CoreSystems\GameLevel\PathFinding">
      <UniqueIdentifier>{1db42ecd-56fe-4768-8037-6e11371d371f}</UniqueIdentifier>
    </Filter>
    <Filter Include="Исходные файлы\CoreSystems\GameObjects\FightingSystems\HitPointSystem\RegenModuls">
      <UniqueIdentifier>{1a014c8b-0f04-4401-b42e-64f231a4f055}</UniqueIdentifier>
    </Filter>
    <Filter Include="Файлы заголовков\CoreSystems\GameObjects\FightingSystems\HitPointSystem\RegenModules">
      <UniqueIdentifier>{8f4fb5c9-66a3-45d2-ae5b-7bb95d039f27}</UniqueIdentifier>
    </Filter>
    <Filter Include="Исходные файлы\CoreSystems\GameLevel">
      <UniqueIdentifier>{fc29407a-9105-4c6f-9731-b62749356b97}</UniqueIdentifier>
    </Filter>
    <Filter Include="Исходные файлы\CoreSystems\GameLevel\LevelLoading">
      <UniqueIdentifier>{1fc4e247-e754-4bc6-ac03-7bbc7fe4c169}</UniqueIdentifier>
    </Filter>
    <Filter Include="Исходные файлы\CoreSystems\GameLevel\PathFinding">
      <UniqueIdentifier>{2db86986-3a96-4f06-a168-3ec2a8ef325d}</UniqueIdentifier>
    </Filter>
    <Filter Include="Исходные файлы\CoreSystems\Engine">
      <UniqueIdentifier>{735b060d-d78c-4eb6-a64a-ecf70c12a078}</UniqueIdentifier>
    </Filter>
    <Filter Include="Исходные файлы\CoreSystems\Engine\EngineModes">
      <UniqueIdentifier>{eb68c48d-28a9-4f99-955e-6f7a334eff33}</UniqueIdentifier>
    </Filter>
    <Filter Include="Исходные файлы\CoreSystems\Engine\EngineWorkCycles">
      <UniqueIdentifier>{e568dd13-d1ac-4e7f-8dc0-bd77e82e34f2}</UniqueIdentifier>
    </Filter>
    <Filter Include="Файлы заголовков\Memory">
      <UniqueIdentifier>{62a1ed71-8850-45a8-b55a-c11b3b1854a8}</UniqueIdentifier>
    </Filter>
    <Filter Include="Исходные файлы\Memory">
      <UniqueIdentifier>{5962b480-7fea-43eb-a5d7-6b6ce85a6fe8}</UniqueIdentifier>
    </Filter>
    <Filter Include="Исходные файлы\Memory\WatchPointer">
      <UniqueIdentifier>{5c8b636b-ec6d-47e3-b211-21a4377a064b}</UniqueIdentifier>
    </Filter>
    <Filter Include="Файлы заголовков\Memory\WatchPtr">
      <UniqueIdentifier>{de64cb8c-28c9-4052-945e-00f9fda3f754}</UniqueIdentifier>
    </Filter>
    <Filter Include="Shaders">
      <UniqueIdentifier>{e23544da-9d37-4890-8f32-471303f917ee}</UniqueIdentifier>
    </Filter>
    <Filter Include="Shaders\Vertex">
      <UniqueIdentifier>{7b105e64-cfab-4eaa-8b25-22c9755aa176}</UniqueIdentifier>
    </Filter>
    <Filter Include="Shaders\Fragments">
      <UniqueIdentifier>{e6bb497a-5eb6-4228-a3bb-1c0d74f7ec31}</UniqueIdentifier>
    </Filter>
    <Filter Include="Исходные файлы\Visual">
      <UniqueIdentifier>{e0da4216-6e5f-448a-a3e8-96965d20f43a}</UniqueIdentifier>
    </Filter>
    <Filter Include="Исходные файлы\Visual\Effects">
      <UniqueIdentifier>{becd9275-5422-4aa1-8496-bc86fe0d203b}</UniqueIdentifier>
    </Filter>
    <Filter Include="Файлы заголовков\CoreSystems\Visual\VisualEffectsSystem">
      <UniqueIdentifier>{1fe1d200-0000-4462-8137-06f9ba69171b}</UniqueIdentifier>
    </Filter>
    <Filter Include="Файлы заголовков\CoreSystems\Visual\VisualEffectsSystem\EffectObjects">
      <UniqueIdentifier>{064bf444-ccf0-49d3-96ba-8e012748a098}</UniqueIdentifier>
    </Filter>
    <Filter Include="Файлы заголовков\Visual\Effects\Fading">
      <UniqueIdentifier>{060b0921-92c2-4c05-b1bb-5b4a13da804b}</UniqueIdentifier>
    </Filter>
    <Filter Include="Исходные файлы\Visual\Effects\Fading">
      <UniqueIdentifier>{a58fa376-0df0-4ced-b634-5c6696476a6f}</UniqueIdentifier>
    </Filter>
    <Filter Include="Файлы заголовков\CoreSystems\GameObjects\TransformableObjs">
      <UniqueIdentifier>{7e7636fe-9271-4c1c-971d-8644205e5b1c}</UniqueIdentifier>
    </Filter>
    <Filter Include="Файлы заголовков\CoreSystems\Visual\UI/UX">
      <UniqueIdentifier>{1b6b2ee0-f94a-44ba-af1d-af3b1517a850}</UniqueIdentifier>
    </Filter>
    <Filter Include="Файлы заголовков\CoreSystems\Visual\UI/UX\Primitives">
      <UniqueIdentifier>{37c69a07-d98f-4e52-9180-cc5f4fc21a17}</UniqueIdentifier>
    </Filter>
    <Filter Include="Файлы заголовков\CoreSystems\ExternalData">
      <UniqueIdentifier>{86b65db4-36fa-4d83-801d-8e9025f9a7b6}</UniqueIdentifier>
    </Filter>
    <Filter Include="Файлы заголовков\CoreSystems\ExternalData\ExtGlResources">
      <UniqueIdentifier>{6be9a988-779c-4b84-8bc4-63edcb9c2136}</UniqueIdentifier>
    </Filter>
    <Filter Include="Файлы заголовков\CoreSystems\ExternalData\ExtGlResources\Resources">
      <UniqueIdentifier>{cd438c38-5cb4-4fab-b905-b3d48dff4641}</UniqueIdentifier>
    </Filter>
    <Filter Include="Исходные файлы\Visual\UI/UX">
      <UniqueIdentifier>{22eea0bd-aa0c-40af-bdfd-1e412c208dd0}</UniqueIdentifier>
    </Filter>
    <Filter Include="Исходные файлы\Visual\UI/UX\AutoAttackAnimation">
      <UniqueIdentifier>{84fa2bfc-e965-4c7f-905f-8ede9c9a368b}</UniqueIdentifier>
    </Filter>
    <Filter Include="Исходные файлы\CoreSystems\Visual\UI/UX">
      <UniqueIdentifier>{62d5be82-9ec4-4630-8976-209b90775b58}</UniqueIdentifier>
    </Filter>
    <Filter Include="Исходные файлы\CoreSystems\Visual\UI/UX\Primitives">
      <UniqueIdentifier>{59bae570-18c7-4e52-84f2-8ab1ac93b208}</UniqueIdentifier>
    </Filter>
    <Filter Include="Файлы заголовков\CoreSystems\Visual\UI/UX\UIElements">
      <UniqueIdentifier>{9f6ce8bd-e9b5-46f6-8cb5-afe44a3438a6}</UniqueIdentifier>
    </Filter>
    <Filter Include="Файлы заголовков\Visual\UI/UX">
      <UniqueIdentifier>{2a498f39-da0f-40fe-b978-d56f12374f60}</UniqueIdentifier>
    </Filter>
    <Filter Include="Файлы заголовков\Visual\UI/UX\AutoAttackAnimation">
      <UniqueIdentifier>{96be3e06-6db8-4509-81da-95f23d1d5ffd}</UniqueIdentifier>
    </Filter>
    <Filter Include="Исходные файлы\CoreSystems\Visual\UI/UX\UIElements">
      <UniqueIdentifier>{8a19d4f7-76f2-4c31-ba7e-07676c80026e}</UniqueIdentifier>
    </Filter>
    <Filter Include="rapidxml">
      <UniqueIdentifier>{72181b21-3d49-4e3b-a3ba-a11ffe90ceb9}</UniqueIdentifier>
    </Filter>
    <Filter Include="Исходные файлы\CoreSystems\ExternalData">
      <UniqueIdentifier>{1a09639f-d312-4ea5-8ecb-f3ff7aaebdc2}</UniqueIdentifier>
    </Filter>
    <Filter Include="UILayouts">
      <UniqueIdentifier>{6c398806-3123-4e56-8284-7ce16dc75701}</UniqueIdentifier>
    </Filter>
    <Filter Include="Исходные файлы\Visual\Effects\Highlight">
      <UniqueIdentifier>{b298f701-ecff-408c-aad7-1fdc8c8ee5d1}</UniqueIdentifier>
    </Filter>
    <Filter Include="Файлы заголовков\Visual\UI/UX\ValueDependencies">
      <UniqueIdentifier>{88af4f18-7766-41d3-979f-31adaaacd5ee}</UniqueIdentifier>
    </Filter>
  </ItemGroup>
  <ItemGroup>
    <ClCompile Include="Scripts\main.cpp">
      <Filter>Исходные файлы</Filter>
    </ClCompile>
    <ClCompile Include="Scripts\EngineStateHandler.cpp">
      <Filter>Исходные файлы\CoreSystems</Filter>
    </ClCompile>
    <ClCompile Include="Scripts\EngineRenderModule.cpp">
      <Filter>Исходные файлы\CoreSystems\Engine\EngineWorkCycles</Filter>
    </ClCompile>
    <ClCompile Include="Scripts\LevelLoader.cpp">
      <Filter>Исходные файлы\CoreSystems\GameLevel\LevelLoading</Filter>
    </ClCompile>
    <ClCompile Include="Scripts\LevelLoadingInfo.cpp">
      <Filter>Исходные файлы\CoreSystems\GameLevel\LevelLoading</Filter>
    </ClCompile>
    <ClCompile Include="Scripts\LevelSerialization.cpp">
      <Filter>Исходные файлы\CoreSystems\GameLevel\LevelLoading</Filter>
    </ClCompile>
    <ClCompile Include="Scripts\UnitObject.cpp">
      <Filter>Исходные файлы\CoreSystems\GameObjects</Filter>
    </ClCompile>
    <ClCompile Include="Scripts\EngineUpdateModule.cpp">
      <Filter>Исходные файлы\CoreSystems\Engine\EngineWorkCycles</Filter>
    </ClCompile>
    <ClCompile Include="Scripts\GameMode.cpp">
      <Filter>Исходные файлы\CoreSystems\Engine\EngineModes</Filter>
    </ClCompile>
    <ClCompile Include="Scripts\MainMenuMode.cpp">
      <Filter>Исходные файлы\CoreSystems\Engine\EngineModes</Filter>
    </ClCompile>
    <ClCompile Include="Scripts\LevelDeserializationMode.cpp">
      <Filter>Исходные файлы\CoreSystems\Engine\EngineModes</Filter>
    </ClCompile>
    <ClCompile Include="Scripts\CallbackRecArgs_Upd.cpp">
      <Filter>Исходные файлы\CoreSystems\EngineCallbacks</Filter>
    </ClCompile>
    <ClCompile Include="Scripts\ConsoleCommsInterpretator.cpp">
      <Filter>Исходные файлы\Debug</Filter>
    </ClCompile>
    <ClCompile Include="Scripts\ICallbackRec_GraphRen.cpp">
      <Filter>Исходные файлы\CoreSystems\EngineCallbacks</Filter>
    </ClCompile>
    <ClCompile Include="Scripts\ICallbackRec_Upd.cpp">
      <Filter>Исходные файлы\CoreSystems\EngineCallbacks</Filter>
    </ClCompile>
    <ClCompile Include="Scripts\ValuesListDeserializer.cpp">
      <Filter>Исходные файлы\CoreSystems</Filter>
    </ClCompile>
    <ClCompile Include="Scripts\BaseInputHandler.cpp">
      <Filter>Исходные файлы\CoreSystems\PlayerControl</Filter>
    </ClCompile>
    <ClCompile Include="Scripts\ColliderShapes.cpp">
      <Filter>Исходные файлы\CoreSystems\Physics\CollisionShapes</Filter>
    </ClCompile>
    <ClCompile Include="Scripts\PhysicsEngine.cpp">
      <Filter>Исходные файлы\CoreSystems\Physics</Filter>
    </ClCompile>
    <ClCompile Include="Scripts\GroupSelectionSystem.cpp">
      <Filter>Исходные файлы\CoreSystems\EntitiesControl</Filter>
    </ClCompile>
    <ClCompile Include="Scripts\GroupSelectionQuad.cpp">
      <Filter>Исходные файлы\CoreSystems\Visual\UI/UX</Filter>
    </ClCompile>
    <ClCompile Include="Scripts\AABBCollShape.cpp">
      <Filter>Исходные файлы\CoreSystems\Physics\CollisionShapes</Filter>
    </ClCompile>
    <ClCompile Include="Scripts\CircleCollShape.cpp">
      <Filter>Исходные файлы\CoreSystems\Physics\CollisionShapes</Filter>
    </ClCompile>
    <ClCompile Include="Scripts\FStreamExts.cpp">
      <Filter>Исходные файлы\Extensions</Filter>
    </ClCompile>
    <ClCompile Include="Scripts\VectExts.cpp">
      <Filter>Исходные файлы\Extensions</Filter>
    </ClCompile>
    <ClCompile Include="Scripts\CircleVisPrimitive.cpp">
      <Filter>Исходные файлы\CoreSystems\Visual\UI/UX\Primitives</Filter>
    </ClCompile>
    <ClCompile Include="Scripts\QuadVisPrimitive.cpp">
      <Filter>Исходные файлы\CoreSystems\Visual\UI/UX\Primitives</Filter>
    </ClCompile>
    <ClCompile Include="Scripts\IPhysicalObject.cpp">
      <Filter>Исходные файлы\CoreSystems\EngineCallbacks</Filter>
    </ClCompile>
    <ClCompile Include="Scripts\ExtGlobalResourcesLoad.cpp">
      <Filter>Исходные файлы\CoreSystems\ExternalData</Filter>
    </ClCompile>
    <ClCompile Include="Scripts\GlobalConstsLoad.cpp">
      <Filter>Исходные файлы\CoreSystems\ExternalData</Filter>
    </ClCompile>
    <ClCompile Include="Scripts\EngineConfigLoad.cpp">
      <Filter>Исходные файлы\CoreSystems\ExternalData</Filter>
    </ClCompile>
    <ClCompile Include="Scripts\HeroObject.cpp">
      <Filter>Исходные файлы\CoreSystems\GameObjects</Filter>
    </ClCompile>
    <ClCompile Include="Scripts\EntityAction_MoveToPoint.cpp">
      <Filter>Исходные файлы\CoreSystems\EntitiesControl\Orders\EntityActions</Filter>
    </ClCompile>
    <ClCompile Include="Scripts\EntityBattleStats.cpp">
      <Filter>Исходные файлы\CoreSystems\GameObjects\FightingSystems\EntityBattleStats</Filter>
    </ClCompile>
    <ClCompile Include="Scripts\EntityOrder_MoveToPoint.cpp">
      <Filter>Исходные файлы\CoreSystems\EntitiesControl\Orders\BaseOrders</Filter>
    </ClCompile>
    <ClCompile Include="Scripts\LinesVisPrimitive.cpp">
      <Filter>Исходные файлы\CoreSystems\Visual\UI/UX\Primitives</Filter>
    </ClCompile>
    <ClCompile Include="Scripts\EntityBaseAAModule.cpp">
      <Filter>Исходные файлы\CoreSystems\GameObjects\FightingSystems\GameObjsBaseFightSystem</Filter>
    </ClCompile>
    <ClCompile Include="Scripts\AutoAttackModule.cpp">
      <Filter>Исходные файлы\CoreSystems\GameObjects\FightingSystems\GameObjsBaseFightSystem</Filter>
    </ClCompile>
    <ClCompile Include="Scripts\EntityOrder_AttackTarget.cpp">
      <Filter>Исходные файлы\CoreSystems\EntitiesControl\Orders\BaseOrders</Filter>
    </ClCompile>
    <ClCompile Include="Scripts\EntityAction_FollowObject.cpp">
      <Filter>Исходные файлы\CoreSystems\EntitiesControl\Orders\EntityActions</Filter>
    </ClCompile>
    <ClCompile Include="Scripts\EntityAction_MoveTo.cpp">
      <Filter>Исходные файлы\CoreSystems\EntitiesControl\Orders\EntityActions</Filter>
    </ClCompile>
    <ClCompile Include="Scripts\EntityAction_AutoAttack.cpp">
      <Filter>Исходные файлы\CoreSystems\EntitiesControl\Orders\EntityActions</Filter>
    </ClCompile>
    <ClCompile Include="Scripts\EntitiesCtrlInputHandler.cpp">
      <Filter>Исходные файлы\CoreSystems\PlayerControl</Filter>
    </ClCompile>
    <ClCompile Include="Scripts\EntCtrlMode_Base.cpp">
      <Filter>Исходные файлы\CoreSystems\PlayerControl\EntitiesCtrlModes</Filter>
    </ClCompile>
    <ClCompile Include="Scripts\EntitiesCtrlInputMode.cpp">
      <Filter>Исходные файлы\CoreSystems\PlayerControl\EntitiesCtrlModes</Filter>
    </ClCompile>
    <ClCompile Include="Scripts\EntCtrlMode_AttackOrder.cpp">
      <Filter>Исходные файлы\CoreSystems\PlayerControl\EntitiesCtrlModes</Filter>
    </ClCompile>
    <ClCompile Include="Scripts\EntCtrlMode_GroupSelect.cpp">
      <Filter>Исходные файлы\CoreSystems\PlayerControl\EntitiesCtrlModes</Filter>
    </ClCompile>
    <ClCompile Include="Scripts\CursorManager.cpp">
      <Filter>Исходные файлы\CoreSystems\Visual\UI/UX</Filter>
    </ClCompile>
    <ClCompile Include="Scripts\OrderTargetVisualizer.cpp">
      <Filter>Исходные файлы\Visual\UI/UX</Filter>
    </ClCompile>
    <ClCompile Include="Scripts\GameUI.cpp">
      <Filter>Исходные файлы\Visual\UI/UX</Filter>
    </ClCompile>
    <ClCompile Include="Scripts\OrderTargsVisManager.cpp">
      <Filter>Исходные файлы\Visual\UI/UX</Filter>
    </ClCompile>
    <ClCompile Include="Scripts\FractionSystem.cpp">
      <Filter>Исходные файлы\CoreSystems\EntitiesControl\RelationsSystem</Filter>
    </ClCompile>
    <ClCompile Include="Scripts\Entity_FractionsSystem.cpp">
      <Filter>Исходные файлы\CoreSystems\EntitiesControl\RelationsSystem</Filter>
    </ClCompile>
    <ClCompile Include="Scripts\AutoAggressionModule.cpp">
      <Filter>Исходные файлы\CoreSystems\EntitiesControl</Filter>
    </ClCompile>
    <ClCompile Include="Scripts\OrdersExecutor.cpp">
      <Filter>Исходные файлы\CoreSystems\GameObjects\OrdersSystem</Filter>
    </ClCompile>
    <ClCompile Include="Scripts\BaseAutoAggrModule.cpp">
      <Filter>Исходные файлы\CoreSystems\GameObjects\OrdersSystem</Filter>
    </ClCompile>
    <ClCompile Include="Scripts\ExecutorActionsMediator.cpp">
      <Filter>Исходные файлы\CoreSystems\GameObjects\OrdersSystem</Filter>
    </ClCompile>
    <ClCompile Include="Scripts\EntitiesObserver.cpp">
      <Filter>Исходные файлы\CoreSystems\GameObjects</Filter>
    </ClCompile>
    <ClCompile Include="Scripts\EntityOrder_Idle.cpp">
      <Filter>Исходные файлы\CoreSystems\EntitiesControl\Orders\BaseOrders</Filter>
    </ClCompile>
    <ClCompile Include="Scripts\EntityOrder_Cancel.cpp">
      <Filter>Исходные файлы\CoreSystems\EntitiesControl\Orders\BaseOrders</Filter>
    </ClCompile>
    <ClCompile Include="Scripts\EntityOrder_HoldPosition.cpp">
      <Filter>Исходные файлы\CoreSystems\EntitiesControl\Orders\BaseOrders</Filter>
    </ClCompile>
    <ClCompile Include="Scripts\EntityAARadVisualizer.cpp">
      <Filter>Исходные файлы\Debug\Visualization</Filter>
    </ClCompile>
    <ClCompile Include="Scripts\EntityAutoAggrRadVisualizer.cpp">
      <Filter>Исходные файлы\Debug\Visualization</Filter>
    </ClCompile>
    <ClCompile Include="Scripts\UnitColliderVisualizer.cpp">
      <Filter>Исходные файлы\Debug\Visualization</Filter>
    </ClCompile>
    <ClCompile Include="Scripts\DivineCommander.cpp">
      <Filter>Исходные файлы\Debug</Filter>
    </ClCompile>
    <ClCompile Include="Scripts\EntityOrder_FollowTarget.cpp">
      <Filter>Исходные файлы\CoreSystems\EntitiesControl\Orders\BaseOrders</Filter>
    </ClCompile>
    <ClCompile Include="Scripts\EntityOrder_AttackArea.cpp">
      <Filter>Исходные файлы\CoreSystems\EntitiesControl\Orders\BaseOrders</Filter>
    </ClCompile>
    <ClCompile Include="Scripts\EntsCtrlOrdersGiving.cpp">
      <Filter>Исходные файлы\CoreSystems\PlayerControl</Filter>
    </ClCompile>
    <ClCompile Include="Scripts\EngineLateUpdateModule.cpp">
      <Filter>Исходные файлы\CoreSystems\Engine\EngineWorkCycles</Filter>
    </ClCompile>
    <ClCompile Include="Scripts\ICallbackRec_LUpd.cpp">
      <Filter>Исходные файлы\CoreSystems\EngineCallbacks</Filter>
    </ClCompile>
    <ClCompile Include="Scripts\DynamicPhysObject.cpp">
      <Filter>Исходные файлы\CoreSystems\GameObjects\VirtualObjects</Filter>
    </ClCompile>
    <ClCompile Include="Scripts\Entity.cpp">
      <Filter>Исходные файлы\CoreSystems\GameObjects\VirtualObjects</Filter>
    </ClCompile>
    <ClCompile Include="Scripts\GameObject.cpp">
      <Filter>Исходные файлы\CoreSystems\GameObjects\VirtualObjects</Filter>
    </ClCompile>
    <ClCompile Include="Scripts\WorldTransfObj.cpp">
      <Filter>Исходные файлы\CoreSystems\GameObjects\VirtualObjects</Filter>
    </ClCompile>
    <ClCompile Include="Scripts\Wall.cpp">
      <Filter>Исходные файлы\CoreSystems\GameObjects</Filter>
    </ClCompile>
    <ClCompile Include="Scripts\LineAAAnimation.cpp">
      <Filter>Исходные файлы\Visual\UI/UX\AutoAttackAnimation</Filter>
    </ClCompile>
    <ClCompile Include="Scripts\OutlineLineVisual.cpp">
      <Filter>Исходные файлы\CoreSystems\Visual\UI/UX\Primitives</Filter>
    </ClCompile>
    <ClCompile Include="Scripts\WideLineVisual.cpp">
      <Filter>Исходные файлы\CoreSystems\Visual\UI/UX\Primitives</Filter>
    </ClCompile>
    <ClCompile Include="Scripts\ICallbackRec_GraphPostRen.cpp">
      <Filter>Исходные файлы\CoreSystems\EngineCallbacks</Filter>
    </ClCompile>
    <ClCompile Include="Scripts\IHitPointModule.cpp">
      <Filter>Исходные файлы\CoreSystems\GameObjects\FightingSystems\HitPointSystem\HPModules</Filter>
    </ClCompile>
    <ClCompile Include="Scripts\EntityHPModule.cpp">
      <Filter>Исходные файлы\CoreSystems\GameObjects\FightingSystems\HitPointSystem\HPModules</Filter>
    </ClCompile>
    <ClCompile Include="Scripts\EntityDeathModule.cpp">
      <Filter>Исходные файлы\CoreSystems\GameObjects\FightingSystems\HitPointSystem\DeathModules</Filter>
    </ClCompile>
    <ClCompile Include="Scripts\UnitDeathModule.cpp">
      <Filter>Исходные файлы\CoreSystems\GameObjects\FightingSystems\HitPointSystem\DeathModules</Filter>
    </ClCompile>
    <ClCompile Include="Scripts\HeroDeathModule.cpp">
      <Filter>Исходные файлы\CoreSystems\GameObjects\FightingSystems\HitPointSystem\DeathModules</Filter>
    </ClCompile>
    <ClCompile Include="Scripts\LoseScript.cpp">
      <Filter>Исходные файлы\GameTransitionScripts</Filter>
    </ClCompile>
    <ClCompile Include="Scripts\LevelCellMapDeser.cpp">
      <Filter>Исходные файлы\CoreSystems\GameLevel\LevelLoading</Filter>
    </ClCompile>
    <ClCompile Include="Scripts\ObjectsCatalog.cpp">
      <Filter>Исходные файлы\CoreSystems\GameLevel\LevelLoading</Filter>
    </ClCompile>
    <ClCompile Include="Scripts\BypassVertex.cpp">
      <Filter>Исходные файлы\CoreSystems\GameLevel\PathFinding</Filter>
    </ClCompile>
    <ClCompile Include="Scripts\CommonHPRegenModule.cpp">
      <Filter>Исходные файлы\CoreSystems\GameObjects\FightingSystems\HitPointSystem\RegenModuls</Filter>
    </ClCompile>
    <ClCompile Include="Scripts\WinScript.cpp">
      <Filter>Исходные файлы\GameTransitionScripts</Filter>
    </ClCompile>
    <ClCompile Include="Scripts\Engine.cpp">
      <Filter>Исходные файлы\CoreSystems\Engine</Filter>
    </ClCompile>
    <ClCompile Include="Scripts\Engine_ModeSelection.cpp">
      <Filter>Исходные файлы\CoreSystems\Engine</Filter>
    </ClCompile>
    <ClCompile Include="Scripts\PlayerInputManager.cpp">
      <Filter>Исходные файлы\CoreSystems\PlayerControl</Filter>
    </ClCompile>
    <ClCompile Include="Scripts\StartMessageMode.cpp">
      <Filter>Исходные файлы\CoreSystems\Engine\EngineModes</Filter>
    </ClCompile>
    <ClCompile Include="Scripts\watch_ptr.cpp">
      <Filter>Исходные файлы\Memory\WatchPointer</Filter>
    </ClCompile>
    <ClCompile Include="Scripts\watch_ptr_handler.cpp">
      <Filter>Исходные файлы\Memory\WatchPointer</Filter>
    </ClCompile>
    <ClCompile Include="Scripts\watch_ptr_handler_c.cpp">
      <Filter>Исходные файлы\Memory\WatchPointer</Filter>
    </ClCompile>
    <ClCompile Include="Scripts\SquareScaleSprite.cpp">
      <Filter>Исходные файлы\CoreSystems\Visual</Filter>
    </ClCompile>
    <ClCompile Include="Scripts\SpriteRenderer.cpp">
      <Filter>Исходные файлы\CoreSystems\Visual</Filter>
    </ClCompile>
    <ClCompile Include="Scripts\IndicatorFill.cpp">
      <Filter>Исходные файлы\CoreSystems\Visual</Filter>
    </ClCompile>
    <ClCompile Include="Scripts\ExternalGlobalResources.cpp">
      <Filter>Исходные файлы\CoreSystems\ExternalData</Filter>
    </ClCompile>
    <ClCompile Include="Scripts\FadingVisualEffect.cpp">
      <Filter>Исходные файлы\Visual\Effects\Fading</Filter>
    </ClCompile>
    <ClCompile Include="Scripts\FadingVisualEff_Des.cpp">
      <Filter>Исходные файлы\Visual\Effects\Fading</Filter>
    </ClCompile>
    <ClCompile Include="Scripts\FadingVisualEff_MRes.cpp">
      <Filter>Исходные файлы\Visual\Effects\Fading</Filter>
    </ClCompile>
    <ClCompile Include="Scripts\UIElement.cpp">
      <Filter>Исходные файлы\CoreSystems\Visual\UI/UX\UIElements</Filter>
    </ClCompile>
    <ClCompile Include="Scripts\UISprite.cpp">
      <Filter>Исходные файлы\CoreSystems\Visual\UI/UX\UIElements</Filter>
    </ClCompile>
    <ClCompile Include="Scripts\UIText.cpp">
      <Filter>Исходные файлы\CoreSystems\Visual\UI/UX\UIElements</Filter>
    </ClCompile>
    <ClCompile Include="Scripts\UserInterfaceManager.cpp">
      <Filter>Исходные файлы\CoreSystems\Visual\UI/UX</Filter>
    </ClCompile>
    <ClCompile Include="Scripts\UserInterfacesDeserializer.cpp">
      <Filter>Исходные файлы\CoreSystems\ExternalData</Filter>
    </ClCompile>
    <ClCompile Include="Scripts\UserInterfaceLoader.cpp">
      <Filter>Исходные файлы\CoreSystems\ExternalData</Filter>
    </ClCompile>
    <ClCompile Include="Scripts\HighlightVisualEffect.cpp">
      <Filter>Исходные файлы\Visual\Effects\Highlight</Filter>
    </ClCompile>
    <ClCompile Include="Scripts\HighlightVisualEff_MRes.cpp">
      <Filter>Исходные файлы\Visual\Effects\Highlight</Filter>
    </ClCompile>
    <ClCompile Include="Scripts\IHierarchyTrObj.cpp">
      <Filter>Исходные файлы\CoreSystems\GameObjects\VirtualObjects</Filter>
    </ClCompile>
    <ClCompile Include="Scripts\CatalogObject.cpp">
      <Filter>Исходные файлы\CoreSystems\GameLevel\LevelLoading</Filter>
    </ClCompile>
    <ClCompile Include="Scripts\GroupSelectionSystem_Comparators.cpp">
      <Filter>Исходные файлы\CoreSystems\EntitiesControl</Filter>
    </ClCompile>
  </ItemGroup>
  <ItemGroup>
    <ClInclude Include="Scripts\CoreGameObjects.h">
      <Filter>Файлы заголовков\CoreSystems\GameObjects</Filter>
    </ClInclude>
    <ClInclude Include="Scripts\Events.h">
      <Filter>Файлы заголовков\Events</Filter>
    </ClInclude>
    <ClInclude Include="Scripts\TemplateEvent.h">
      <Filter>Файлы заголовков\Events</Filter>
    </ClInclude>
    <ClInclude Include="Scripts\Engine.h">
      <Filter>Файлы заголовков\CoreSystems</Filter>
    </ClInclude>
    <ClInclude Include="Scripts\EngineCore.h">
      <Filter>Файлы заголовков\CoreSystems</Filter>
    </ClInclude>
    <ClInclude Include="Scripts\EngineModes.h">
      <Filter>Файлы заголовков\CoreSystems</Filter>
    </ClInclude>
    <ClInclude Include="Scripts\EngineStateHandler.h">
      <Filter>Файлы заголовков\CoreSystems</Filter>
    </ClInclude>
    <ClInclude Include="Scripts\EngineWorkCycleModule.h">
      <Filter>Файлы заголовков\CoreSystems\EngineWorkCycles</Filter>
    </ClInclude>
    <ClInclude Include="Scripts\LevelLoader.h">
      <Filter>Файлы заголовков\CoreSystems\GameLevel\LevelLoading</Filter>
    </ClInclude>
    <ClInclude Include="Scripts\LevelLoading.h">
      <Filter>Файлы заголовков\CoreSystems\GameLevel\LevelLoading</Filter>
    </ClInclude>
    <ClInclude Include="Scripts\LevelSerialization.h">
      <Filter>Файлы заголовков\CoreSystems\GameLevel\LevelLoading</Filter>
    </ClInclude>
    <ClInclude Include="Scripts\LevelLoadingInfo.h">
      <Filter>Файлы заголовков\CoreSystems\GameLevel\LevelLoading</Filter>
    </ClInclude>
    <ClInclude Include="Scripts\Extensions.h">
      <Filter>Файлы заголовков\Extensions</Filter>
    </ClInclude>
    <ClInclude Include="Scripts\UnitObject.h">
      <Filter>Файлы заголовков\CoreSystems\GameObjects</Filter>
    </ClInclude>
    <ClInclude Include="Scripts\ICallbackRec_Upd.h">
      <Filter>Файлы заголовков\CoreSystems\EngineCallbacks</Filter>
    </ClInclude>
    <ClInclude Include="Scripts\ICallbackRec_GraphRen.h">
      <Filter>Файлы заголовков\CoreSystems\EngineCallbacks</Filter>
    </ClInclude>
    <ClInclude Include="Scripts\Debug.h">
      <Filter>Файлы заголовков\Debug</Filter>
    </ClInclude>
    <ClInclude Include="Scripts\ConsoleCommsInterpretator.h">
      <Filter>Файлы заголовков\Debug</Filter>
    </ClInclude>
    <ClInclude Include="Scripts\ICallbackRec_LUpd.h">
      <Filter>Файлы заголовков\CoreSystems\EngineCallbacks</Filter>
    </ClInclude>
    <ClInclude Include="Scripts\CorePlayerControl.h">
      <Filter>Файлы заголовков\CoreSystems\PlayerControl</Filter>
    </ClInclude>
    <ClInclude Include="Scripts\Physics.h">
      <Filter>Файлы заголовков\CoreSystems\Physics</Filter>
    </ClInclude>
    <ClInclude Include="Scripts\BaseInputHandler.h">
      <Filter>Файлы заголовков\CoreSystems\PlayerControl</Filter>
    </ClInclude>
    <ClInclude Include="Scripts\ColliderShapes.h">
      <Filter>Файлы заголовков\CoreSystems\Physics</Filter>
    </ClInclude>
    <ClInclude Include="Scripts\PhysicsEngine.h">
      <Filter>Файлы заголовков\CoreSystems\Physics</Filter>
    </ClInclude>
    <ClInclude Include="Scripts\PhysicsLayer.h">
      <Filter>Файлы заголовков\CoreSystems\Physics</Filter>
    </ClInclude>
    <ClInclude Include="Scripts\GroupSelectionSystem.h">
      <Filter>Файлы заголовков\CoreSystems\EntitiesControl</Filter>
    </ClInclude>
    <ClInclude Include="Scripts\ISelectableEntity.h">
      <Filter>Файлы заголовков\CoreSystems\EntitiesControl</Filter>
    </ClInclude>
    <ClInclude Include="Scripts\CoreEntitiesControl.h">
      <Filter>Файлы заголовков\CoreSystems\EntitiesControl</Filter>
    </ClInclude>
    <ClInclude Include="Scripts\GroupSelectionQuad.h">
      <Filter>Файлы заголовков\CoreSystems\Visual\UI/UX</Filter>
    </ClInclude>
    <ClInclude Include="Scripts\CoreVisual_UI.h">
      <Filter>Файлы заголовков\CoreSystems\Visual\UI/UX</Filter>
    </ClInclude>
    <ClInclude Include="Scripts\PrimitiveVisualShapes.h">
      <Filter>Файлы заголовков\CoreSystems\Visual\UI/UX\Primitives</Filter>
    </ClInclude>
    <ClInclude Include="Scripts\IPhysicalObject.h">
      <Filter>Файлы заголовков\CoreSystems\EngineCallbacks</Filter>
    </ClInclude>
    <ClInclude Include="Scripts\FStreamExts.h">
      <Filter>Файлы заголовков\Extensions</Filter>
    </ClInclude>
    <ClInclude Include="Scripts\VectExts.h">
      <Filter>Файлы заголовков\Extensions</Filter>
    </ClInclude>
    <ClInclude Include="Scripts\GlobalConstsLoad.h">
      <Filter>Файлы заголовков\CoreSystems\ExternalData</Filter>
    </ClInclude>
    <ClInclude Include="Scripts\EngineConfig.h">
      <Filter>Файлы заголовков\CoreSystems\ExternalData</Filter>
    </ClInclude>
    <ClInclude Include="Scripts\EngineConfigLoad.h">
      <Filter>Файлы заголовков\CoreSystems\ExternalData</Filter>
    </ClInclude>
    <ClInclude Include="Scripts\GlobalConsts.h">
      <Filter>Файлы заголовков\CoreSystems\ExternalData</Filter>
    </ClInclude>
    <ClInclude Include="Scripts\HeroObject.h">
      <Filter>Файлы заголовков\CoreSystems\GameObjects</Filter>
    </ClInclude>
    <ClInclude Include="Scripts\IEntityOrder.h">
      <Filter>Файлы заголовков\CoreSystems\EntitiesControl\Orders</Filter>
    </ClInclude>
    <ClInclude Include="Scripts\IEntityAction.h">
      <Filter>Файлы заголовков\CoreSystems\EntitiesControl\Orders</Filter>
    </ClInclude>
    <ClInclude Include="Scripts\EntityOrders.h">
      <Filter>Файлы заголовков\CoreSystems\EntitiesControl\Orders</Filter>
    </ClInclude>
    <ClInclude Include="Scripts\EntityOrderType.h">
      <Filter>Файлы заголовков\CoreSystems\EntitiesControl\Orders</Filter>
    </ClInclude>
    <ClInclude Include="Scripts\CollectionsExts.h">
      <Filter>Файлы заголовков\Extensions</Filter>
    </ClInclude>
    <ClInclude Include="Scripts\EntityOrder_MoveToPoint.h">
      <Filter>Файлы заголовков\CoreSystems\EntitiesControl\Orders\BaseOrders</Filter>
    </ClInclude>
    <ClInclude Include="Scripts\EntityAction_MoveToPoint.h">
      <Filter>Файлы заголовков\CoreSystems\EntitiesControl\Orders\EntityActions</Filter>
    </ClInclude>
    <ClInclude Include="Scripts\EntityBattleStats.h">
      <Filter>Файлы заголовков\CoreSystems\GameObjects\FightingSystems\BattleInfo</Filter>
    </ClInclude>
    <ClInclude Include="Scripts\BaseOrdersAndActions.h">
      <Filter>Файлы заголовков\CoreSystems\EntitiesControl\Orders</Filter>
    </ClInclude>
    <ClInclude Include="Scripts\AutoAttackModule.h">
      <Filter>Файлы заголовков\CoreSystems\GameObjects\FightingSystems\GameObjsBaseFightSystem</Filter>
    </ClInclude>
    <ClInclude Include="Scripts\HPSystem.h">
      <Filter>Файлы заголовков\CoreSystems\GameObjects\FightingSystems\HitPointSystem</Filter>
    </ClInclude>
    <ClInclude Include="Scripts\GameObjsBaseFightSystem.h">
      <Filter>Файлы заголовков\CoreSystems\GameObjects\FightingSystems\GameObjsBaseFightSystem</Filter>
    </ClInclude>
    <ClInclude Include="Scripts\EntityBaseAAModule.h">
      <Filter>Файлы заголовков\CoreSystems\GameObjects\FightingSystems\GameObjsBaseFightSystem</Filter>
    </ClInclude>
    <ClInclude Include="Scripts\EntityOrder_AttackTarget.h">
      <Filter>Файлы заголовков\CoreSystems\EntitiesControl\Orders\BaseOrders</Filter>
    </ClInclude>
    <ClInclude Include="Scripts\EntityAction_FollowObject.h">
      <Filter>Файлы заголовков\CoreSystems\EntitiesControl\Orders\EntityActions</Filter>
    </ClInclude>
    <ClInclude Include="Scripts\EntityAction_MoveTo.h">
      <Filter>Файлы заголовков\CoreSystems\EntitiesControl\Orders\EntityActions</Filter>
    </ClInclude>
    <ClInclude Include="Scripts\EntityAction_AutoAttack.h">
      <Filter>Файлы заголовков\CoreSystems\EntitiesControl\Orders\EntityActions</Filter>
    </ClInclude>
    <ClInclude Include="Scripts\EntitiesCtrlInputHandler.h">
      <Filter>Файлы заголовков\CoreSystems\PlayerControl</Filter>
    </ClInclude>
    <ClInclude Include="Scripts\EntitiesCtrlInputModes.h">
      <Filter>Файлы заголовков\CoreSystems\PlayerControl</Filter>
    </ClInclude>
    <ClInclude Include="Scripts\EntityOrder_GlobalPosTarget.h">
      <Filter>Файлы заголовков\CoreSystems\EntitiesControl\Orders\BaseOrders\OrderComponents</Filter>
    </ClInclude>
    <ClInclude Include="Scripts\EntityOrder_ObjectTarget.h">
      <Filter>Файлы заголовков\CoreSystems\EntitiesControl\Orders\BaseOrders\OrderComponents</Filter>
    </ClInclude>
    <ClInclude Include="Scripts\CursorManager.h">
      <Filter>Файлы заголовков\CoreSystems\Visual\UI/UX</Filter>
    </ClInclude>
    <ClInclude Include="Scripts\OrderTargetsVisualizer.h">
      <Filter>Файлы заголовков\Visual\UI/UX</Filter>
    </ClInclude>
    <ClInclude Include="Scripts\ZeroArgsEvent.h">
      <Filter>Файлы заголовков\Events</Filter>
    </ClInclude>
    <ClInclude Include="Scripts\GameUI.h">
      <Filter>Файлы заголовков\Visual\UI/UX</Filter>
    </ClInclude>
    <ClInclude Include="Scripts\FractionsSystem.h">
      <Filter>Файлы заголовков\CoreSystems\EntitiesControl\RelationsSystem</Filter>
    </ClInclude>
    <ClInclude Include="Scripts\RelationsSystem.h">
      <Filter>Файлы заголовков\CoreSystems\EntitiesControl\RelationsSystem</Filter>
    </ClInclude>
    <ClInclude Include="Scripts\IFractionMember.h">
      <Filter>Файлы заголовков\CoreSystems\EntitiesControl\RelationsSystem</Filter>
    </ClInclude>
    <ClInclude Include="Scripts\OrdersExecutor.h">
      <Filter>Файлы заголовков\CoreSystems\GameObjects\OrdersSystem</Filter>
    </ClInclude>
    <ClInclude Include="Scripts\BaseAutoAggrModule.h">
      <Filter>Файлы заголовков\CoreSystems\GameObjects\OrdersSystem</Filter>
    </ClInclude>
    <ClInclude Include="Scripts\EntitiesObserver.h">
      <Filter>Файлы заголовков\CoreSystems\GameObjects</Filter>
    </ClInclude>
    <ClInclude Include="Scripts\UnitColliderVisualizer.h">
      <Filter>Файлы заголовков\Debug\Visualization</Filter>
    </ClInclude>
    <ClInclude Include="Scripts\EntityAARadVisualizer.h">
      <Filter>Файлы заголовков\Debug\Visualization</Filter>
    </ClInclude>
    <ClInclude Include="Scripts\EntityAutoAggrRadVisualizer.h">
      <Filter>Файлы заголовков\Debug\Visualization</Filter>
    </ClInclude>
    <ClInclude Include="Scripts\EntityOrder_Idle.h">
      <Filter>Файлы заголовков\CoreSystems\EntitiesControl\Orders\BaseOrders</Filter>
    </ClInclude>
    <ClInclude Include="Scripts\EntityOrder_Cancel.h">
      <Filter>Файлы заголовков\CoreSystems\EntitiesControl\Orders\BaseOrders</Filter>
    </ClInclude>
    <ClInclude Include="Scripts\EntityOrder_HoldPosition.h">
      <Filter>Файлы заголовков\CoreSystems\EntitiesControl\Orders\BaseOrders</Filter>
    </ClInclude>
    <ClInclude Include="Scripts\DivineCommander.h">
      <Filter>Файлы заголовков\Debug</Filter>
    </ClInclude>
    <ClInclude Include="Scripts\EntityOrder_FollowTarget.h">
      <Filter>Файлы заголовков\CoreSystems\EntitiesControl\Orders\BaseOrders</Filter>
    </ClInclude>
    <ClInclude Include="Scripts\EntityOrder_AttackArea.h">
      <Filter>Файлы заголовков\CoreSystems\EntitiesControl\Orders\BaseOrders</Filter>
    </ClInclude>
    <ClInclude Include="Scripts\ExternalData.h">
      <Filter>Файлы заголовков\CoreSystems\ExternalData</Filter>
    </ClInclude>
    <ClInclude Include="Scripts\PhysicsStructs.h">
      <Filter>Файлы заголовков\CoreSystems\Physics</Filter>
    </ClInclude>
    <ClInclude Include="Scripts\DynamicPhysObject.h">
      <Filter>Файлы заголовков\CoreSystems\GameObjects\VirtualObjects</Filter>
    </ClInclude>
    <ClInclude Include="Scripts\Entity.h">
      <Filter>Файлы заголовков\CoreSystems\GameObjects\VirtualObjects</Filter>
    </ClInclude>
    <ClInclude Include="Scripts\GameObject.h">
      <Filter>Файлы заголовков\CoreSystems\GameObjects\VirtualObjects</Filter>
    </ClInclude>
    <ClInclude Include="Scripts\Wall.h">
      <Filter>Файлы заголовков\CoreSystems\GameObjects</Filter>
    </ClInclude>
    <ClInclude Include="Scripts\UIUXVisual.h">
      <Filter>Файлы заголовков\Visual\UI/UX</Filter>
    </ClInclude>
    <ClInclude Include="Scripts\AutoAttackAnimation.h">
      <Filter>Файлы заголовков\Visual\UI/UX\AutoAttackAnimation</Filter>
    </ClInclude>
    <ClInclude Include="Scripts\AttackInfo.h">
      <Filter>Файлы заголовков\CoreSystems\GameObjects\FightingSystems\BattleInfo</Filter>
    </ClInclude>
    <ClInclude Include="Scripts\FightingSystems.h">
      <Filter>Файлы заголовков\CoreSystems\GameObjects\FightingSystems</Filter>
    </ClInclude>
    <ClInclude Include="Scripts\BattleInfo.h">
      <Filter>Файлы заголовков\CoreSystems\GameObjects\FightingSystems\BattleInfo</Filter>
    </ClInclude>
    <ClInclude Include="Scripts\AutoAttackInfo.h">
      <Filter>Файлы заголовков\CoreSystems\GameObjects\FightingSystems\BattleInfo</Filter>
    </ClInclude>
    <ClInclude Include="Scripts\EntityHPModule.h">
      <Filter>Файлы заголовков\CoreSystems\GameObjects\FightingSystems\HitPointSystem\HPModules</Filter>
    </ClInclude>
    <ClInclude Include="Scripts\LineAAAnimation.h">
      <Filter>Файлы заголовков\Visual\UI/UX\AutoAttackAnimation</Filter>
    </ClInclude>
    <ClInclude Include="Scripts\ICallbackRec_GraphPostRen.h">
      <Filter>Файлы заголовков\CoreSystems\EngineCallbacks</Filter>
    </ClInclude>
    <ClInclude Include="Scripts\CallbackDelegates.h">
      <Filter>Файлы заголовков\CoreSystems\EngineCallbacks</Filter>
    </ClInclude>
    <ClInclude Include="Scripts\CoreVisual.h">
      <Filter>Файлы заголовков\CoreSystems\Visual</Filter>
    </ClInclude>
    <ClInclude Include="Scripts\SquareScaleSprite.h">
      <Filter>Файлы заголовков\CoreSystems\Visual</Filter>
    </ClInclude>
    <ClInclude Include="Scripts\GameVisualEffects.h">
      <Filter>Файлы заголовков\Visual\Effects</Filter>
    </ClInclude>
    <ClInclude Include="Scripts\GameVisual.h">
      <Filter>Файлы заголовков\Visual</Filter>
    </ClInclude>
    <ClInclude Include="Scripts\LoseScript.h">
      <Filter>Файлы заголовков\GameTransitionScripts</Filter>
    </ClInclude>
    <ClInclude Include="Scripts\GameTransitions.h">
      <Filter>Файлы заголовков\GameTransitionScripts</Filter>
    </ClInclude>
    <ClInclude Include="Scripts\ObjectsCatalog.h">
      <Filter>Файлы заголовков\CoreSystems\GameLevel\LevelLoading</Filter>
    </ClInclude>
    <ClInclude Include="Scripts\LevelCellMapDeser.h">
      <Filter>Файлы заголовков\CoreSystems\GameLevel\LevelLoading</Filter>
    </ClInclude>
    <ClInclude Include="Scripts\GameLevel.h">
      <Filter>Файлы заголовков\CoreSystems\GameLevel</Filter>
    </ClInclude>
    <ClInclude Include="Scripts\LevelBypassMap.h">
      <Filter>Файлы заголовков\CoreSystems\GameLevel\PathFinding</Filter>
    </ClInclude>
    <ClInclude Include="Scripts\LevelPathFinding.h">
      <Filter>Файлы заголовков\CoreSystems\GameLevel\PathFinding</Filter>
    </ClInclude>
    <ClInclude Include="Scripts\BypassVertex.h">
      <Filter>Файлы заголовков\CoreSystems\GameLevel\PathFinding</Filter>
    </ClInclude>
    <ClInclude Include="Scripts\PathFinding_Diijkstra.h">
      <Filter>Файлы заголовков\CoreSystems\GameLevel\PathFinding</Filter>
    </ClInclude>
    <ClInclude Include="Scripts\CommonHPRegenModule.h">
      <Filter>Файлы заголовков\CoreSystems\GameObjects\FightingSystems\HitPointSystem\RegenModules</Filter>
    </ClInclude>
    <ClInclude Include="Scripts\HPRegenModules.h">
      <Filter>Файлы заголовков\CoreSystems\GameObjects\FightingSystems\HitPointSystem\RegenModules</Filter>
    </ClInclude>
    <ClInclude Include="Scripts\WinScript.h">
      <Filter>Файлы заголовков\GameTransitionScripts</Filter>
    </ClInclude>
    <ClInclude Include="Scripts\PlayerInputManager.h">
      <Filter>Файлы заголовков\CoreSystems\PlayerControl</Filter>
    </ClInclude>
    <ClInclude Include="Scripts\kv_memory.h">
      <Filter>Файлы заголовков\Memory</Filter>
    </ClInclude>
    <ClInclude Include="Scripts\watch_ptr.h">
      <Filter>Файлы заголовков\Memory\WatchPtr</Filter>
    </ClInclude>
    <ClInclude Include="Scripts\IAttackableObj.h">
      <Filter>Файлы заголовков\CoreSystems\GameObjects\FightingSystems\HitPointSystem</Filter>
    </ClInclude>
    <ClInclude Include="Scripts\VisualOnDeathDestroyer.h">
      <Filter>Файлы заголовков\Debug\Visualization</Filter>
    </ClInclude>
    <ClInclude Include="Scripts\ExternalGlobalResources.h">
      <Filter>Файлы заголовков\CoreSystems\ExternalData\ExtGlResources</Filter>
    </ClInclude>
    <ClInclude Include="Scripts\ExtGlobalResourcesLoad.h">
      <Filter>Файлы заголовков\CoreSystems\ExternalData\ExtGlResources</Filter>
    </ClInclude>
    <ClInclude Include="Scripts\ExtGlRes_Texture.h">
      <Filter>Файлы заголовков\CoreSystems\ExternalData\ExtGlResources\Resources</Filter>
    </ClInclude>
    <ClInclude Include="Scripts\ExtGlResources.h">
      <Filter>Файлы заголовков\CoreSystems\ExternalData\ExtGlResources</Filter>
    </ClInclude>
    <ClInclude Include="Scripts\ValuesListDeserializer.h">
      <Filter>Файлы заголовков\CoreSystems\ExternalData</Filter>
    </ClInclude>
    <ClInclude Include="Scripts\ExtGlRes_Sprite.h">
      <Filter>Файлы заголовков\CoreSystems\ExternalData\ExtGlResources\Resources</Filter>
    </ClInclude>
    <ClInclude Include="Scripts\ExtGlRes_Font.h">
      <Filter>Файлы заголовков\CoreSystems\ExternalData\ExtGlResources\Resources</Filter>
    </ClInclude>
    <ClInclude Include="Scripts\ExtGlRes_Shader.h">
      <Filter>Файлы заголовков\CoreSystems\ExternalData\ExtGlResources\Resources</Filter>
    </ClInclude>
    <ClInclude Include="Scripts\IndicatorFill.h">
      <Filter>Файлы заголовков\CoreSystems\Visual</Filter>
    </ClInclude>
    <ClInclude Include="Scripts\VisualEffectsSystem.h">
      <Filter>Файлы заголовков\CoreSystems\Visual\VisualEffectsSystem</Filter>
    </ClInclude>
    <ClInclude Include="Scripts\VisualEffectsCore.h">
      <Filter>Файлы заголовков\CoreSystems\Visual\VisualEffectsSystem</Filter>
    </ClInclude>
    <ClInclude Include="Scripts\IColoredObject.h">
      <Filter>Файлы заголовков\CoreSystems\Visual\VisualEffectsSystem\EffectObjects</Filter>
    </ClInclude>
    <ClInclude Include="Scripts\EffectObjects.h">
      <Filter>Файлы заголовков\CoreSystems\Visual\VisualEffectsSystem\EffectObjects</Filter>
    </ClInclude>
    <ClInclude Include="Scripts\FadingVisualEff_Des.h">
      <Filter>Файлы заголовков\Visual\Effects\Fading</Filter>
    </ClInclude>
    <ClInclude Include="Scripts\FadingVisualEffect.h">
      <Filter>Файлы заголовков\Visual\Effects\Fading</Filter>
    </ClInclude>
    <ClInclude Include="Scripts\FadingVisualEff_MRes.h">
      <Filter>Файлы заголовков\Visual\Effects\Fading</Filter>
    </ClInclude>
    <ClInclude Include="Scripts\TransformableObj.h">
      <Filter>Файлы заголовков\CoreSystems\GameObjects\TransformableObjs</Filter>
    </ClInclude>
    <ClInclude Include="Scripts\WorldTransfObj.h">
      <Filter>Файлы заголовков\CoreSystems\GameObjects\TransformableObjs</Filter>
    </ClInclude>
    <ClInclude Include="Scripts\SpriteRenderer.h">
      <Filter>Файлы заголовков\CoreSystems\Visual</Filter>
    </ClInclude>
    <ClInclude Include="Scripts\UISprite.h">
      <Filter>Файлы заголовков\CoreSystems\Visual\UI/UX\UIElements</Filter>
    </ClInclude>
    <ClInclude Include="Scripts\UIText.h">
      <Filter>Файлы заголовков\CoreSystems\Visual\UI/UX\UIElements</Filter>
    </ClInclude>
    <ClInclude Include="Scripts\UIEmpty.h">
      <Filter>Файлы заголовков\CoreSystems\Visual\UI/UX\UIElements</Filter>
    </ClInclude>
    <ClInclude Include="Scripts\UserInterfaceManager.h">
      <Filter>Файлы заголовков\CoreSystems\Visual\UI/UX</Filter>
    </ClInclude>
    <ClInclude Include="Scripts\UIElement.h">
      <Filter>Файлы заголовков\CoreSystems\Visual\UI/UX\UIElements</Filter>
    </ClInclude>
    <ClInclude Include="Scripts\UIMan_WinResizeEvSubs.h">
      <Filter>Файлы заголовков\CoreSystems\Visual\UI/UX</Filter>
    </ClInclude>
    <ClInclude Include="Scripts\rapidxml\rapidxml.hpp">
      <Filter>rapidxml</Filter>
    </ClInclude>
    <ClInclude Include="Scripts\rapidxml\rapidxml_iterators.hpp">
      <Filter>rapidxml</Filter>
    </ClInclude>
    <ClInclude Include="Scripts\rapidxml\rapidxml_print.hpp">
      <Filter>rapidxml</Filter>
    </ClInclude>
    <ClInclude Include="Scripts\rapidxml\rapidxml_utils.hpp">
      <Filter>rapidxml</Filter>
    </ClInclude>
    <ClInclude Include="Scripts\UserInterfacesDeserializer.h">
      <Filter>Файлы заголовков\CoreSystems\ExternalData</Filter>
    </ClInclude>
    <ClInclude Include="Scripts\UserInterfaceLoader.h">
      <Filter>Файлы заголовков\CoreSystems\ExternalData</Filter>
    </ClInclude>
    <ClInclude Include="Scripts\HighlightVisualEffect.h">
      <Filter>Файлы заголовков\Visual\Effects\Fading</Filter>
    </ClInclude>
    <ClInclude Include="Scripts\HighlightVisualEff_MRes.h">
      <Filter>Файлы заголовков\Visual\Effects\Fading</Filter>
    </ClInclude>
    <ClInclude Include="Scripts\HierarchyTrObj.h">
      <Filter>Файлы заголовков\CoreSystems\GameObjects\TransformableObjs</Filter>
    </ClInclude>
    <ClInclude Include="Scripts\ITransformableObj.h">
      <Filter>Файлы заголовков\CoreSystems\GameObjects\TransformableObjs</Filter>
    </ClInclude>
    <ClInclude Include="Scripts\IHierarchyTrObj.h">
      <Filter>Файлы заголовков\CoreSystems\GameObjects\TransformableObjs</Filter>
    </ClInclude>
    <ClInclude Include="Scripts\IStepTracingObj.h">
      <Filter>Файлы заголовков\CoreSystems\GameObjects\TransformableObjs</Filter>
    </ClInclude>
    <ClInclude Include="Scripts\CatalogObject.h">
      <Filter>Файлы заголовков\CoreSystems\GameLevel\LevelLoading</Filter>
    </ClInclude>
    <ClInclude Include="Scripts\ValueDependency.h">
      <Filter>Файлы заголовков\CoreSystems\Visual\UI/UX</Filter>
    </ClInclude>
    <ClInclude Include="Scripts\ValueDepend_EntBattStats.h">
      <Filter>Файлы заголовков\Visual\UI/UX\ValueDependencies</Filter>
    </ClInclude>
    <ClInclude Include="Scripts\GameValueDependencies.h">
      <Filter>Файлы заголовков\Visual\UI/UX\ValueDependencies</Filter>
    </ClInclude>
    <ClInclude Include="Scripts\HieObjActDepend_GroupSelect.h">
      <Filter>Файлы заголовков\Visual\UI/UX\ValueDependencies</Filter>
    </ClInclude>
    <ClInclude Include="Scripts\FirstSelEntityDependsManager.h">
      <Filter>Файлы заголовков\Visual\UI/UX\ValueDependencies</Filter>
    </ClInclude>
    <ClInclude Include="Scripts\IEntityUIDependency.h">
      <Filter>Файлы заголовков\Visual\UI/UX\ValueDependencies</Filter>
    </ClInclude>
    <ClInclude Include="Scripts\ValueDepend_CurrHP.h">
      <Filter>Файлы заголовков\Visual\UI/UX\ValueDependencies</Filter>
    </ClInclude>
  </ItemGroup>
  <ItemGroup>
    <Text Include="Config.txt">
      <Filter>Файлы ресурсов</Filter>
    </Text>
    <Text Include="TestLevel.txt">
      <Filter>Файлы ресурсов</Filter>
    </Text>
  </ItemGroup>
  <ItemGroup>
    <Image Include="Assets\Sprites\UnitSprite_Guardian.png">
      <Filter>Файлы ресурсов</Filter>
    </Image>
  </ItemGroup>
  <ItemGroup>
    <None Include="Scripts\Shaders\MaskableImage.frag">
      <Filter>Shaders\Fragments</Filter>
    </None>
  </ItemGroup>
  <ItemGroup>
    <Xml Include="UILayouts\GameUI.xml">
      <Filter>UILayouts</Filter>
    </Xml>
    <Xml Include="UILayouts\LevelDeserialization.xml">
      <Filter>UILayouts</Filter>
    </Xml>
    <Xml Include="UILayouts\LoseMsg.xml">
      <Filter>UILayouts</Filter>
    </Xml>
    <Xml Include="UILayouts\MainMenu.xml">
      <Filter>UILayouts</Filter>
    </Xml>
    <Xml Include="UILayouts\WinMsg.xml">
      <Filter>UILayouts</Filter>
    </Xml>
  </ItemGroup>
</Project>